# Generated by pub
# See https://dart.dev/tools/pub/glossary#lockfile
packages:
  _flutterfire_internals:
    dependency: transitive
    description:
      name: _flutterfire_internals
      sha256: "2d8e8e123ca3675625917f535fcc0d3a50092eef44334168f9b18adc050d4c6e"
      url: "https://pub.dev"
    source: hosted
    version: "1.3.6"
  address_search_field:
    dependency: "direct main"
    description:
      name: address_search_field
      sha256: "505bd19f7d9a864c879a8ed72b275aa01a086b87a4a21244d27bfd6c4499931c"
      url: "https://pub.dev"
    source: hosted
    version: "5.0.3"
  advanced_in_app_review:
    dependency: "direct main"
    description:
      name: advanced_in_app_review
      sha256: "5c157809877b4106fcb8e07e5bc4abbae8b5abe3fe604fb038b92c71fa7607fb"
      url: "https://pub.dev"
    source: hosted
    version: "1.2.0"
  another_flushbar:
    dependency: transitive
    description:
      name: another_flushbar
      sha256: "19bf9520230ec40b300aaf9dd2a8fefcb277b25ecd1c4838f530566965befc2a"
      url: "https://pub.dev"
    source: hosted
    version: "1.12.30"
  another_transformer_page_view:
    dependency: transitive
    description:
      name: another_transformer_page_view
      sha256: a7cd46ede62d621c5abe7e58c7cb2745abe67b3bfec64f59b8889c93d7be7a8e
      url: "https://pub.dev"
    source: hosted
    version: "2.0.1"
  app_links:
    dependency: "direct main"
    description:
      name: app_links
      sha256: "16725e716afd0634a5441654b1dda2b6c5557aa230884b5e1f41a5aa546a4cb6"
      url: "https://pub.dev"
    source: hosted
    version: "3.4.3"
  args:
    dependency: transitive
    description:
      name: args
      sha256: eef6c46b622e0494a36c5a12d10d77fb4e855501a91c1b9ef9339326e58f0596
      url: "https://pub.dev"
    source: hosted
    version: "2.4.2"
  async:
    dependency: transitive
    description:
      name: async
      sha256: "947bfcf187f74dbc5e146c9eb9c0f10c9f8b30743e341481c1e2ed3ecc18c20c"
      url: "https://pub.dev"
    source: hosted
    version: "2.11.0"
  auto_size_text:
    dependency: "direct main"
    description:
      name: auto_size_text
      sha256: "3f5261cd3fb5f2a9ab4e2fc3fba84fd9fcaac8821f20a1d4e71f557521b22599"
      url: "https://pub.dev"
    source: hosted
    version: "3.0.0"
  badges:
    dependency: "direct main"
    description:
      name: badges
      sha256: "727580d938b7a1ff47ea42df730d581415606b4224cfa708671c10287f8d3fe6"
      url: "https://pub.dev"
    source: hosted
    version: "2.0.3"
  boolean_selector:
    dependency: transitive
    description:
      name: boolean_selector
      sha256: "6cfb5af12253eaf2b368f07bacc5a80d1301a071c73360d746b7f2e32d762c66"
      url: "https://pub.dev"
    source: hosted
    version: "2.1.1"
  carousel_slider:
    dependency: "direct main"
    description:
      name: carousel_slider
      sha256: "9c695cc963bf1d04a47bd6021f68befce8970bcd61d24938e1fb0918cf5d9c42"
      url: "https://pub.dev"
    source: hosted
    version: "4.2.1"
  change_app_package_name:
    dependency: "direct main"
    description:
      name: change_app_package_name
      sha256: f9ebaf68a4b5a68c581492579bb68273c523ef325fbf9ce2f1b57fb136ad023b
      url: "https://pub.dev"
    source: hosted
    version: "1.1.0"
  characters:
    dependency: transitive
    description:
      name: characters
      sha256: "04a925763edad70e8443c99234dc3328f442e811f1d8fd1a72f1c8ad0f69a605"
      url: "https://pub.dev"
    source: hosted
    version: "1.3.0"
  clock:
    dependency: transitive
    description:
      name: clock
      sha256: cb6d7f03e1de671e34607e909a7213e31d7752be4fb66a86d29fe1eb14bfb5cf
      url: "https://pub.dev"
    source: hosted
    version: "1.1.1"
  cloud_firestore:
    dependency: "direct main"
    description:
      name: cloud_firestore
      sha256: "50e1ffa143fc5c49db1800392f8d9524fd015f9d26a9e4fc01b5ddb1e603e01b"
      url: "https://pub.dev"
    source: hosted
    version: "4.9.2"
  cloud_firestore_platform_interface:
    dependency: transitive
    description:
      name: cloud_firestore_platform_interface
      sha256: "150e603a40d52b3199e46b1e38d9f8ef8c2dee9e1fb2122d58d456c50015bf7c"
      url: "https://pub.dev"
    source: hosted
    version: "5.16.1"
  cloud_firestore_web:
    dependency: transitive
    description:
      name: cloud_firestore_web
      sha256: f033aef13b13f94b0f361898df39307d8710859c8912626cfb08e439e350bd66
      url: "https://pub.dev"
    source: hosted
    version: "3.7.1"
  collection:
    dependency: transitive
    description:
      name: collection
      sha256: f092b211a4319e98e5ff58223576de6c2803db36221657b46c82574721240687
      url: "https://pub.dev"
    source: hosted
    version: "1.17.2"
  cross_file:
    dependency: transitive
    description:
      name: cross_file
      sha256: fd832b5384d0d6da4f6df60b854d33accaaeb63aa9e10e736a87381f08dee2cb
      url: "https://pub.dev"
    source: hosted
    version: "0.3.3+5"
  crypto:
    dependency: transitive
    description:
      name: crypto
      sha256: ff625774173754681d66daaf4a448684fb04b78f902da9cb3d308c19cc5e8bab
      url: "https://pub.dev"
    source: hosted
    version: "3.0.3"
  csslib:
    dependency: transitive
    description:
      name: csslib
      sha256: "706b5707578e0c1b4b7550f64078f0a0f19dec3f50a178ffae7006b0a9ca58fb"
      url: "https://pub.dev"
    source: hosted
    version: "1.0.0"
  cupertino_icons:
    dependency: "direct main"
    description:
      name: cupertino_icons
      sha256: d57953e10f9f8327ce64a508a355f0b1ec902193f66288e8cb5070e7c47eeb2d
      url: "https://pub.dev"
    source: hosted
    version: "1.0.6"
  date_time_picker:
    dependency: "direct main"
    description:
      name: date_time_picker
      sha256: "6923c568bcb67a66ab7e083708d0adbcae8214b41bb84d49febc17e89e06fc4a"
      url: "https://pub.dev"
    source: hosted
    version: "2.1.0"
  dbus:
    dependency: transitive
    description:
      name: dbus
      sha256: "6f07cba3f7b3448d42d015bfd3d53fe12e5b36da2423f23838efc1d5fb31a263"
      url: "https://pub.dev"
    source: hosted
    version: "0.7.8"
  dio:
    dependency: transitive
    description:
      name: dio
      sha256: "7d328c4d898a61efc3cd93655a0955858e29a0aa647f0f9e02d59b3bb275e2e8"
      url: "https://pub.dev"
    source: hosted
    version: "4.0.6"
  dots_indicator:
    dependency: transitive
    description:
      name: dots_indicator
      sha256: f1599baa429936ba87f06ae5f2adc920a367b16d08f74db58c3d0f6e93bcdb5c
      url: "https://pub.dev"
    source: hosted
    version: "2.1.2"
  equatable:
    dependency: transitive
    description:
      name: equatable
      sha256: c2b87cb7756efdf69892005af546c56c0b5037f54d2a88269b4f347a505e3ca2
      url: "https://pub.dev"
    source: hosted
    version: "2.0.5"
  fake_async:
    dependency: transitive
    description:
      name: fake_async
      sha256: "511392330127add0b769b75a987850d136345d9227c6b94c96a04cf4a391bf78"
      url: "https://pub.dev"
    source: hosted
    version: "1.3.1"
  ffi:
    dependency: transitive
    description:
      name: ffi
      sha256: "7bf0adc28a23d395f19f3f1eb21dd7cfd1dd9f8e1c50051c069122e6853bc878"
      url: "https://pub.dev"
    source: hosted
    version: "2.1.0"
  file:
    dependency: transitive
    description:
      name: file
      sha256: "1b92bec4fc2a72f59a8e15af5f52cd441e4a7860b49499d69dfa817af20e925d"
      url: "https://pub.dev"
    source: hosted
    version: "6.1.4"
  file_picker:
    dependency: "direct main"
    description:
      name: file_picker
      sha256: b85eb92b175767fdaa0c543bf3b0d1f610fe966412ea72845fe5ba7801e763ff
      url: "https://pub.dev"
    source: hosted
    version: "5.2.10"
  firebase_analytics:
    dependency: "direct main"
    description:
      name: firebase_analytics
      sha256: c35213b72c9dbab6a20954bb968ed70e7d9e0ea3acb3426b9d4f4a51a522cdb4
      url: "https://pub.dev"
    source: hosted
    version: "10.5.0"
  firebase_analytics_platform_interface:
    dependency: transitive
    description:
      name: firebase_analytics_platform_interface
      sha256: "9a8bdbf5345de01f7f1905c9ab6f9bff0b7fd739620d68c16b3b3b639b487dc3"
      url: "https://pub.dev"
    source: hosted
    version: "3.7.0"
  firebase_analytics_web:
    dependency: transitive
    description:
      name: firebase_analytics_web
      sha256: da79ab9c1e32c389cd6224939a0437a9e074783e3f2b51e9dc6d850d769d9af8
      url: "https://pub.dev"
    source: hosted
    version: "0.5.5"
  firebase_auth:
    dependency: "direct main"
    description:
      name: firebase_auth
      sha256: e7b7e2a08888cb8ef073a9b6d4df9039ea0ff07c920d4258fb4886c55fe2dbb6
      url: "https://pub.dev"
    source: hosted
    version: "4.10.0"
  firebase_auth_platform_interface:
    dependency: transitive
    description:
      name: firebase_auth_platform_interface
      sha256: "4862bd649268e32ebd685a58abe1eb7ef13aef3f668ce9c56a7d283c971ec6ff"
      url: "https://pub.dev"
    source: hosted
    version: "6.19.0"
  firebase_auth_web:
    dependency: transitive
    description:
      name: firebase_auth_web
      sha256: "090d531cc0dcf1e39edc0d64cffa18ccc5745b1fd1081a13ee1bf42d861ff764"
      url: "https://pub.dev"
    source: hosted
    version: "5.8.1"
  firebase_core:
    dependency: "direct main"
    description:
      name: firebase_core
      sha256: "675c209c94a1817649137cbd113fc4c9ae85e48d03dd578629abbec6d8a4d93d"
      url: "https://pub.dev"
    source: hosted
    version: "2.16.0"
  firebase_core_platform_interface:
    dependency: transitive
    description:
      name: firebase_core_platform_interface
      sha256: b63e3be6c96ef5c33bdec1aab23c91eb00696f6452f0519401d640938c94cba2
      url: "https://pub.dev"
    source: hosted
    version: "4.8.0"
  firebase_core_web:
    dependency: transitive
    description:
      name: firebase_core_web
      sha256: e8c408923cd3a25bd342c576a114f2126769cd1a57106a4edeaa67ea4a84e962
      url: "https://pub.dev"
    source: hosted
    version: "2.8.0"
  firebase_dynamic_links:
    dependency: "direct main"
    description:
      name: firebase_dynamic_links
      sha256: "3747775b9d9a4500af1be160879068e1f44acff2e51b62727ab5554aa075b117"
      url: "https://pub.dev"
    source: hosted
    version: "5.3.6"
  firebase_dynamic_links_platform_interface:
    dependency: transitive
    description:
      name: firebase_dynamic_links_platform_interface
      sha256: "110d5d35891f7c6a596940b21cb60d38819c0818982094c9e37ede056bef8979"
      url: "https://pub.dev"
    source: hosted
    version: "0.2.6+6"
  firebase_messaging:
    dependency: "direct main"
    description:
      name: firebase_messaging
      sha256: "4544524c22de3ffdc7e0ffaeeba212a04d09e76d0549ae6f42ce285d9d8f0513"
      url: "https://pub.dev"
    source: hosted
    version: "14.6.8"
  firebase_messaging_platform_interface:
    dependency: transitive
    description:
      name: firebase_messaging_platform_interface
      sha256: a6e1fae8242a14d5d8f5ab1cf94693511f06bab49ff1d46e3d83c0af3c4becb8
      url: "https://pub.dev"
    source: hosted
    version: "4.5.7"
  firebase_messaging_web:
    dependency: transitive
    description:
      name: firebase_messaging_web
      sha256: a9fe837dc2dcdd3e32e6109a6b0ce62592d7a44cb8f69cb5b73190865c5aa28e
      url: "https://pub.dev"
    source: hosted
    version: "3.5.7"
  firebase_storage:
    dependency: "direct main"
    description:
      name: firebase_storage
      sha256: "0b6423dc6acb8185121a974843ab7678127b93fe68f22683f3852b3634e19c8e"
      url: "https://pub.dev"
    source: hosted
    version: "11.2.7"
  firebase_storage_platform_interface:
    dependency: transitive
    description:
      name: firebase_storage_platform_interface
      sha256: "8ad840f019b4d3e25dcf9fa64563dc9eff981f9ca9207aff7b717038e69ec868"
      url: "https://pub.dev"
    source: hosted
    version: "4.4.6"
  firebase_storage_web:
    dependency: transitive
    description:
      name: firebase_storage_web
      sha256: "37b44ea1f54ad993a1b0aea99d7083b251669f91af799e50cc3e84a969642f8f"
      url: "https://pub.dev"
    source: hosted
    version: "3.6.7"
  fl_chart:
    dependency: "direct main"
    description:
      name: fl_chart
      sha256: c1e26c7e48496be85104c16c040950b0436674cdf0737f3f6e95511b2529b592
      url: "https://pub.dev"
    source: hosted
    version: "0.63.0"
  flutter:
    dependency: "direct main"
    description: flutter
    source: sdk
    version: "0.0.0"
  flutter_keyboard_visibility:
    dependency: transitive
    description:
      name: flutter_keyboard_visibility
      sha256: be41db80ab7156d893878ca48a7520d667075c4841a0435d5544fd836197b55a
      url: "https://pub.dev"
    source: hosted
    version: "5.4.3"
  flutter_keyboard_visibility_linux:
    dependency: transitive
    description:
      name: flutter_keyboard_visibility_linux
      sha256: "6fba7cd9bb033b6ddd8c2beb4c99ad02d728f1e6e6d9b9446667398b2ac39f08"
      url: "https://pub.dev"
    source: hosted
    version: "1.0.0"
  flutter_keyboard_visibility_macos:
    dependency: transitive
    description:
      name: flutter_keyboard_visibility_macos
      sha256: c5c49b16fff453dfdafdc16f26bdd8fb8d55812a1d50b0ce25fc8d9f2e53d086
      url: "https://pub.dev"
    source: hosted
    version: "1.0.0"
  flutter_keyboard_visibility_platform_interface:
    dependency: transitive
    description:
      name: flutter_keyboard_visibility_platform_interface
      sha256: e43a89845873f7be10cb3884345ceb9aebf00a659f479d1c8f4293fcb37022a4
      url: "https://pub.dev"
    source: hosted
    version: "2.0.0"
  flutter_keyboard_visibility_web:
    dependency: transitive
    description:
      name: flutter_keyboard_visibility_web
      sha256: d3771a2e752880c79203f8d80658401d0c998e4183edca05a149f5098ce6e3d1
      url: "https://pub.dev"
    source: hosted
    version: "2.0.0"
  flutter_keyboard_visibility_windows:
    dependency: transitive
    description:
      name: flutter_keyboard_visibility_windows
      sha256: fc4b0f0b6be9b93ae527f3d527fb56ee2d918cd88bbca438c478af7bcfd0ef73
      url: "https://pub.dev"
    source: hosted
    version: "1.0.0"
  flutter_lints:
    dependency: "direct dev"
    description:
      name: flutter_lints
      sha256: a25a15ebbdfc33ab1cd26c63a6ee519df92338a9c10f122adda92938253bef04
      url: "https://pub.dev"
    source: hosted
    version: "2.0.3"
  flutter_local_notifications:
    dependency: "direct main"
    description:
      name: flutter_local_notifications
      sha256: f222919a34545931e47b06000836b5101baeffb0e6eb5a4691d2d42851740dd9
      url: "https://pub.dev"
    source: hosted
    version: "12.0.4"
  flutter_local_notifications_linux:
    dependency: transitive
    description:
      name: flutter_local_notifications_linux
      sha256: "3c6d6db334f609a92be0c0915f40871ec56f5d2adf01e77ae364162c587c0ca8"
      url: "https://pub.dev"
    source: hosted
    version: "2.0.0"
  flutter_local_notifications_platform_interface:
    dependency: transitive
    description:
      name: flutter_local_notifications_platform_interface
      sha256: "5ec1feac5f7f7d9266759488bc5f76416152baba9aa1b26fe572246caa00d1ab"
      url: "https://pub.dev"
    source: hosted
    version: "6.0.0"
  flutter_login:
    dependency: "direct main"
    description:
      name: flutter_login
      sha256: "97f27a52bd68038090bd79f22600ad9ae86158f1d55c47e3d0cef66b299579f3"
      url: "https://pub.dev"
    source: hosted
    version: "4.2.1"
  flutter_plugin_android_lifecycle:
    dependency: transitive
    description:
      name: flutter_plugin_android_lifecycle
      sha256: f185ac890306b5779ecbd611f52502d8d4d63d27703ef73161ca0407e815f02c
      url: "https://pub.dev"
    source: hosted
    version: "2.0.16"
  flutter_riverpod:
    dependency: transitive
    description:
      name: flutter_riverpod
      sha256: d84e180f039a6b963e610d2e4435641fdfe8f12437e8770e963632e05af16d80
      url: "https://pub.dev"
    source: hosted
    version: "1.0.4"
  flutter_speed_dial:
    dependency: "direct main"
    description:
      name: flutter_speed_dial
      sha256: "84d0a3e86640efb9feb9fd0f8e236fffd3fb6c83e40ad6fb617654faabc86936"
      url: "https://pub.dev"
    source: hosted
    version: "6.3.0"
  flutter_svg:
    dependency: "direct main"
    description:
      name: flutter_svg
      sha256: "8c5d68a82add3ca76d792f058b186a0599414f279f00ece4830b9b231b570338"
      url: "https://pub.dev"
    source: hosted
    version: "2.0.7"
  flutter_test:
    dependency: "direct dev"
    description: flutter
    source: sdk
    version: "0.0.0"
  flutter_web_plugins:
    dependency: transitive
    description: flutter
    source: sdk
    version: "0.0.0"
  fluttertoast:
    dependency: "direct main"
    description:
      name: fluttertoast
      sha256: "474f7d506230897a3cd28c965ec21c5328ae5605fc9c400cd330e9e9d6ac175c"
      url: "https://pub.dev"
    source: hosted
    version: "8.2.2"
  font_awesome_flutter:
    dependency: transitive
    description:
      name: font_awesome_flutter
      sha256: "5fb789145cae1f4c3245c58b3f8fb287d055c26323879eab57a7bf0cfd1e45f3"
      url: "https://pub.dev"
    source: hosted
    version: "10.5.0"
  freezed_annotation:
    dependency: transitive
    description:
      name: freezed_annotation
      sha256: c3fd9336eb55a38cc1bbd79ab17573113a8deccd0ecbbf926cca3c62803b5c2d
      url: "https://pub.dev"
    source: hosted
    version: "2.4.1"
  geocoder2:
    dependency: "direct main"
    description:
      name: geocoder2
      sha256: "7b0e544576610f3275d6b650865410cf93bdbeb3025e4f1c05fd156e9633ecfa"
      url: "https://pub.dev"
    source: hosted
    version: "1.4.0"
  geolocator:
    dependency: "direct main"
    description:
      name: geolocator
      sha256: "5c23f3613f50586c0bbb2b8f970240ae66b3bd992088cf60dd5ee2e6f7dde3a8"
      url: "https://pub.dev"
    source: hosted
    version: "9.0.2"
  geolocator_android:
    dependency: transitive
    description:
      name: geolocator_android
      sha256: db75aacf93fcdc2c0ba20066019da30e3fde7b102cf579d4bd4ea542e8a8cf17
      url: "https://pub.dev"
    source: hosted
    version: "4.2.4"
  geolocator_apple:
    dependency: transitive
    description:
      name: geolocator_apple
      sha256: "36527c555f4c425f7d8fa8c7c07d67b78e3ff7590d40448051959e1860c1cfb4"
      url: "https://pub.dev"
    source: hosted
    version: "2.2.7"
  geolocator_platform_interface:
    dependency: transitive
    description:
      name: geolocator_platform_interface
      sha256: b2a0c09d2cfe8ad6a8cc44fada5c1092c49286e8c30922914dfe2b23799a682f
      url: "https://pub.dev"
    source: hosted
    version: "4.0.8"
  geolocator_web:
    dependency: transitive
    description:
      name: geolocator_web
      sha256: f68a122da48fcfff68bbc9846bb0b74ef651afe84a1b1f6ec20939de4d6860e1
      url: "https://pub.dev"
    source: hosted
    version: "2.1.6"
  geolocator_windows:
    dependency: transitive
    description:
      name: geolocator_windows
      sha256: "4f4218f122a6978d0ad655fa3541eea74c67417440b09f0657238810d5af6bdc"
      url: "https://pub.dev"
    source: hosted
    version: "0.1.3"
  get:
    dependency: "direct main"
    description:
      name: get
      sha256: e4e7335ede17452b391ed3b2ede016545706c01a02292a6c97619705e7d2a85e
      url: "https://pub.dev"
    source: hosted
    version: "4.6.6"
  get_storage:
    dependency: "direct main"
    description:
      name: get_storage
      sha256: "39db1fffe779d0c22b3a744376e86febe4ade43bf65e06eab5af707dc84185a2"
      url: "https://pub.dev"
    source: hosted
    version: "2.1.1"
  google_fonts:
    dependency: "direct main"
    description:
      name: google_fonts
      sha256: "6b6f10f0ce3c42f6552d1c70d2c28d764cf22bb487f50f66cca31dcd5194f4d6"
      url: "https://pub.dev"
    source: hosted
    version: "4.0.4"
  google_maps:
    dependency: transitive
    description:
      name: google_maps
      sha256: "555d5d736339b0478e821167ac521c810d7b51c3b2734e6802a9f046b64ea37a"
      url: "https://pub.dev"
    source: hosted
    version: "6.3.0"
  google_maps_flutter:
    dependency: "direct main"
    description:
      name: google_maps_flutter
      sha256: d4914cb38b3dcb62c39c085d968d434de0f8050f00f4d9f5ba4a7c7e004934cb
      url: "https://pub.dev"
    source: hosted
    version: "2.5.0"
  google_maps_flutter_android:
    dependency: transitive
    description:
      name: google_maps_flutter_android
      sha256: e6cb018169e49332f88d23b1d2119b09e8ab4e7d3a1b889a1b7b3fd113e034ba
      url: "https://pub.dev"
    source: hosted
    version: "2.5.1"
  google_maps_flutter_ios:
    dependency: transitive
    description:
      name: google_maps_flutter_ios
      sha256: "2a595c9789070786c654e9772ec0d1bb759ae37d2dd776291af5398531274e06"
      url: "https://pub.dev"
    source: hosted
    version: "2.3.1"
  google_maps_flutter_platform_interface:
    dependency: transitive
    description:
      name: google_maps_flutter_platform_interface
      sha256: a3e9e6896501e566d902c6c69f010834d410ef4b7b5c18b90c77e871c86b7907
      url: "https://pub.dev"
    source: hosted
    version: "2.4.1"
  google_maps_flutter_web:
    dependency: transitive
    description:
      name: google_maps_flutter_web
      sha256: f893d1542c6562bc8299ef768fbbe92ade83c220ab3209b9477ec9f81ad585e4
      url: "https://pub.dev"
    source: hosted
    version: "0.5.4+2"
  google_mobile_ads:
    dependency: "direct main"
    description:
      name: google_mobile_ads
      sha256: "24ee4e9546866cc15ebe565dabf6a6c485ce5fbec0645fde22799800532000f0"
      url: "https://pub.dev"
    source: hosted
    version: "3.0.0"
  html:
    dependency: transitive
    description:
      name: html
      sha256: "3a7812d5bcd2894edf53dfaf8cd640876cf6cef50a8f238745c8b8120ea74d3a"
      url: "https://pub.dev"
    source: hosted
    version: "0.15.4"
  http:
    dependency: transitive
    description:
      name: http
      sha256: "5895291c13fa8a3bd82e76d5627f69e0d85ca6a30dcac95c4ea19a5d555879c2"
      url: "https://pub.dev"
    source: hosted
    version: "0.13.6"
  http_parser:
    dependency: transitive
    description:
      name: http_parser
      sha256: "2aa08ce0341cc9b354a498388e30986515406668dbcc4f7c950c3e715496693b"
      url: "https://pub.dev"
    source: hosted
    version: "4.0.2"
  im_stepper:
    dependency: "direct main"
    description:
      name: im_stepper
      sha256: "84ca411f7c4666cb8762a6dd6eec0353c96c67f674124614263875d0570ca634"
      url: "https://pub.dev"
    source: hosted
    version: "1.0.1+1"
  in_app_review:
    dependency: "direct main"
    description:
      name: in_app_review
      sha256: "16328b8202d36522322b95804ae5d975577aa9f584d634985849ba1099645850"
      url: "https://pub.dev"
    source: hosted
    version: "2.0.6"
  in_app_review_platform_interface:
    dependency: transitive
    description:
      name: in_app_review_platform_interface
      sha256: b12ec9aaf6b34d3a72aa95895eb252b381896246bdad4ef378d444affe8410ef
      url: "https://pub.dev"
    source: hosted
    version: "2.0.4"
  internet_connectivity_checker:
    dependency: "direct main"
    description:
      name: internet_connectivity_checker
      sha256: "4d498f66d6812c6a62981e4c265ce203f5bfc8e70832c13d776fb5f70b52eb41"
      url: "https://pub.dev"
    source: hosted
    version: "0.1.0"
  intl:
    dependency: transitive
    description:
      name: intl
      sha256: "910f85bce16fb5c6f614e117efa303e85a1731bb0081edf3604a2ae6e9a3cc91"
      url: "https://pub.dev"
    source: hosted
    version: "0.17.0"
  intl_phone_number_input:
    dependency: transitive
    description:
      name: intl_phone_number_input
      sha256: b812c6e3924e56e65b9684076ccd8eb24126abe0c84091d35d75a25e613a1793
      url: "https://pub.dev"
    source: hosted
    version: "0.7.3+1"
  introduction_screen:
    dependency: "direct main"
    description:
      name: introduction_screen
      sha256: ef5a5479a8e06a84b9a7eff16c698b9b82f70cd1b6203b264bc3686f9bfb77e2
      url: "https://pub.dev"
    source: hosted
    version: "3.1.11"
  js:
    dependency: transitive
    description:
      name: js
      sha256: f2c445dce49627136094980615a031419f7f3eb393237e4ecd97ac15dea343f3
      url: "https://pub.dev"
    source: hosted
    version: "0.6.7"
  js_wrapping:
    dependency: transitive
    description:
      name: js_wrapping
      sha256: e385980f7c76a8c1c9a560dfb623b890975841542471eade630b2871d243851c
      url: "https://pub.dev"
    source: hosted
    version: "0.7.4"
  json_annotation:
    dependency: transitive
    description:
      name: json_annotation
      sha256: b10a7b2ff83d83c777edba3c6a0f97045ddadd56c944e1a23a3fdf43a1bf4467
      url: "https://pub.dev"
    source: hosted
    version: "4.8.1"
  latlong2:
    dependency: "direct main"
    description:
      name: latlong2
      sha256: "08ef7282ba9f76e8495e49e2dc4d653015ac929dce5f92b375a415d30b407ea0"
      url: "https://pub.dev"
    source: hosted
    version: "0.8.2"
  libphonenumber_platform_interface:
    dependency: transitive
    description:
      name: libphonenumber_platform_interface
      sha256: b8c57fc74bf61491672b8cd94039e35359c6e0d79a88018c1cc7facb76771a4b
      url: "https://pub.dev"
    source: hosted
    version: "0.4.1"
  libphonenumber_plugin:
    dependency: transitive
    description:
      name: libphonenumber_plugin
      sha256: d95a0f799936e6e243cd0be151af9a6f09286bbb2c513d517dad548c4b3eb70e
      url: "https://pub.dev"
    source: hosted
    version: "0.3.2"
  libphonenumber_web:
    dependency: transitive
    description:
      name: libphonenumber_web
      sha256: "3eb541422e581d198be4d59293cb5902e4057ae6bb0822eaddf9a0f98952d222"
      url: "https://pub.dev"
    source: hosted
    version: "0.3.1"
  lints:
    dependency: transitive
    description:
      name: lints
      sha256: "0a217c6c989d21039f1498c3ed9f3ed71b354e69873f13a8dfc3c9fe76f1b452"
      url: "https://pub.dev"
    source: hosted
    version: "2.1.1"
  logging:
    dependency: transitive
    description:
      name: logging
      sha256: "623a88c9594aa774443aa3eb2d41807a48486b5613e67599fb4c41c0ad47c340"
      url: "https://pub.dev"
    source: hosted
    version: "1.2.0"
  mailer:
    dependency: "direct main"
    description:
      name: mailer
      sha256: "57f6dd1496699999a7bfd0aa6be0645384f477f4823e16d4321c40a434346382"
      url: "https://pub.dev"
    source: hosted
    version: "6.0.1"
  map_launcher:
    dependency: "direct main"
    description:
      name: map_launcher
      sha256: "4db9f2878dd0764f476f613eda671b969084960b6ae81bf578699cfe03e58ce0"
      url: "https://pub.dev"
    source: hosted
    version: "2.5.0+1"
  maps_launcher:
    dependency: "direct main"
    description:
      name: maps_launcher
      sha256: "22a801c2ca1715de34c552dbd6746dbabb50d448f1cbe8f79c1a3fc63473dfee"
      url: "https://pub.dev"
    source: hosted
    version: "2.2.0"
  matcher:
    dependency: transitive
    description:
      name: matcher
      sha256: "1803e76e6653768d64ed8ff2e1e67bea3ad4b923eb5c56a295c3e634bad5960e"
      url: "https://pub.dev"
    source: hosted
    version: "0.12.16"
  material_color_utilities:
    dependency: transitive
    description:
      name: material_color_utilities
      sha256: "9528f2f296073ff54cb9fee677df673ace1218163c3bc7628093e7eed5203d41"
      url: "https://pub.dev"
    source: hosted
    version: "0.5.0"
  meta:
    dependency: transitive
    description:
      name: meta
      sha256: "3c74dbf8763d36539f114c799d8a2d87343b5067e9d796ca22b5eb8437090ee3"
      url: "https://pub.dev"
    source: hosted
    version: "1.9.1"
  mime:
    dependency: transitive
    description:
      name: mime
      sha256: e4ff8e8564c03f255408decd16e7899da1733852a9110a58fe6d1b817684a63e
      url: "https://pub.dev"
    source: hosted
    version: "1.0.4"
  multi_select_flutter:
    dependency: "direct main"
    description:
      name: multi_select_flutter
      sha256: "503857b415d390d29159df8a9d92d83c6aac17aaf1c307fb7bcfc77d097d20ed"
      url: "https://pub.dev"
    source: hosted
    version: "4.1.3"
  nested:
    dependency: transitive
    description:
      name: nested
      sha256: "03bac4c528c64c95c722ec99280375a6f2fc708eec17c7b3f07253b626cd2a20"
      url: "https://pub.dev"
    source: hosted
    version: "1.0.0"
  package_info_plus:
    dependency: "direct main"
    description:
      name: package_info_plus
      sha256: "10259b111176fba5c505b102e3a5b022b51dd97e30522e906d6922c745584745"
      url: "https://pub.dev"
    source: hosted
    version: "3.1.2"
  package_info_plus_platform_interface:
    dependency: transitive
    description:
      name: package_info_plus_platform_interface
      sha256: "9bc8ba46813a4cc42c66ab781470711781940780fd8beddd0c3da62506d3a6c6"
      url: "https://pub.dev"
    source: hosted
    version: "2.0.1"
  path:
    dependency: transitive
    description:
      name: path
      sha256: "8829d8a55c13fc0e37127c29fedf290c102f4e40ae94ada574091fe0ff96c917"
      url: "https://pub.dev"
    source: hosted
    version: "1.8.3"
  path_parsing:
    dependency: transitive
    description:
      name: path_parsing
      sha256: e3e67b1629e6f7e8100b367d3db6ba6af4b1f0bb80f64db18ef1fbabd2fa9ccf
      url: "https://pub.dev"
    source: hosted
    version: "1.0.1"
  path_provider:
    dependency: transitive
    description:
      name: path_provider
      sha256: a1aa8aaa2542a6bc57e381f132af822420216c80d4781f7aa085ca3229208aaa
      url: "https://pub.dev"
    source: hosted
    version: "2.1.1"
  path_provider_android:
    dependency: transitive
    description:
      name: path_provider_android
      sha256: "6b8b19bd80da4f11ce91b2d1fb931f3006911477cec227cce23d3253d80df3f1"
      url: "https://pub.dev"
    source: hosted
    version: "2.2.0"
  path_provider_foundation:
    dependency: transitive
    description:
      name: path_provider_foundation
      sha256: "19314d595120f82aca0ba62787d58dde2cc6b5df7d2f0daf72489e38d1b57f2d"
      url: "https://pub.dev"
    source: hosted
    version: "2.3.1"
  path_provider_linux:
    dependency: transitive
    description:
      name: path_provider_linux
      sha256: f7a1fe3a634fe7734c8d3f2766ad746ae2a2884abe22e241a8b301bf5cac3279
      url: "https://pub.dev"
    source: hosted
    version: "2.2.1"
  path_provider_platform_interface:
    dependency: transitive
    description:
      name: path_provider_platform_interface
      sha256: "94b1e0dd80970c1ce43d5d4e050a9918fce4f4a775e6142424c30a29a363265c"
      url: "https://pub.dev"
    source: hosted
    version: "2.1.1"
  path_provider_windows:
    dependency: transitive
    description:
      name: path_provider_windows
      sha256: "8bc9f22eee8690981c22aa7fc602f5c85b497a6fb2ceb35ee5a5e5ed85ad8170"
      url: "https://pub.dev"
    source: hosted
    version: "2.2.1"
  petitparser:
    dependency: transitive
    description:
      name: petitparser
      sha256: cb3798bef7fc021ac45b308f4b51208a152792445cce0448c9a4ba5879dd8750
      url: "https://pub.dev"
    source: hosted
    version: "5.4.0"
  phone_numbers_parser:
    dependency: transitive
    description:
      name: phone_numbers_parser
      sha256: "3b809c0190e7d1272a831f12a67ae5b329ef889d3a9e6da7a59fe86a471576e5"
      url: "https://pub.dev"
    source: hosted
    version: "8.0.0"
  platform:
    dependency: transitive
    description:
      name: platform
      sha256: ae68c7bfcd7383af3629daafb32fb4e8681c7154428da4febcff06200585f102
      url: "https://pub.dev"
    source: hosted
    version: "3.1.2"
  plugin_platform_interface:
    dependency: transitive
    description:
      name: plugin_platform_interface
      sha256: da3fdfeccc4d4ff2da8f8c556704c08f912542c5fb3cf2233ed75372384a034d
      url: "https://pub.dev"
    source: hosted
    version: "2.1.6"
  process:
    dependency: transitive
    description:
      name: process
      sha256: "53fd8db9cec1d37b0574e12f07520d582019cb6c44abf5479a01505099a34a09"
      url: "https://pub.dev"
    source: hosted
    version: "4.2.4"
  provider:
    dependency: transitive
    description:
      name: provider
      sha256: cdbe7530b12ecd9eb455bdaa2fcb8d4dad22e80b8afb4798b41479d5ce26847f
      url: "https://pub.dev"
    source: hosted
    version: "6.0.5"
  purchases_flutter:
    dependency: "direct main"
    description:
      name: purchases_flutter
      sha256: "1dfca3209f847f8999c54c475e92cf3211381794b2c7f5aa399f90efe2b40997"
      url: "https://pub.dev"
    source: hosted
    version: "4.13.0"
  qr:
    dependency: transitive
    description:
      name: qr
      sha256: "64957a3930367bf97cc211a5af99551d630f2f4625e38af10edd6b19131b64b3"
      url: "https://pub.dev"
    source: hosted
    version: "3.0.1"
  qr_flutter:
    dependency: "direct main"
    description:
      name: qr_flutter
      sha256: "5095f0fc6e3f71d08adef8feccc8cea4f12eec18a2e31c2e8d82cb6019f4b097"
      url: "https://pub.dev"
    source: hosted
    version: "4.1.0"
  quiver:
    dependency: transitive
    description:
      name: quiver
      sha256: b1c1ac5ce6688d77f65f3375a9abb9319b3cb32486bdc7a1e0fdf004d7ba4e47
      url: "https://pub.dev"
    source: hosted
    version: "3.2.1"
  range_slider_flutter:
    dependency: "direct main"
    description:
      name: range_slider_flutter
      sha256: ba7efe69101a100ac7d88db0d09610aea69c01d91cb853a5d423affb547607c3
      url: "https://pub.dev"
    source: hosted
    version: "0.0.2"
  responsive:
    dependency: "direct main"
    description:
      name: responsive
      sha256: b0bd1247b31b416d7f821ef3a77669289299fd420e13010184f140494fd810d1
      url: "https://pub.dev"
    source: hosted
    version: "0.3.11+11"
  responsive_layout_grid:
    dependency: "direct main"
    description:
      name: responsive_layout_grid
      sha256: ba4d40e3fcd5754e940afef186980d7fe66e9b33c1e61d4e31c0f3a2e2740dd7
      url: "https://pub.dev"
    source: hosted
    version: "1.1.2"
  riverpod:
    dependency: transitive
    description:
      name: riverpod
      sha256: e7f097159b9512f5953ff544164c19057f45ce28fd0cb971fc4cad1f7b28217d
      url: "https://pub.dev"
    source: hosted
    version: "1.0.3"
  sanitize_html:
    dependency: transitive
    description:
      name: sanitize_html
      sha256: "0a445f19bbaa196f5a4f93461aa066b94e6e025622eb1e9bc77872a5e25233a5"
      url: "https://pub.dev"
    source: hosted
    version: "2.0.0"
  share_plus:
    dependency: "direct main"
    description:
      name: share_plus
      sha256: b1f15232d41e9701ab2f04181f21610c36c83a12ae426b79b4bd011c567934b1
      url: "https://pub.dev"
    source: hosted
    version: "6.3.4"
  share_plus_platform_interface:
    dependency: transitive
    description:
      name: share_plus_platform_interface
      sha256: "357412af4178d8e11d14f41723f80f12caea54cf0d5cd29af9dcdab85d58aea7"
      url: "https://pub.dev"
    source: hosted
    version: "3.3.0"
  shared_preferences:
    dependency: "direct main"
    description:
      name: shared_preferences
      sha256: b7f41bad7e521d205998772545de63ff4e6c97714775902c199353f8bf1511ac
      url: "https://pub.dev"
    source: hosted
    version: "2.2.1"
  shared_preferences_android:
    dependency: transitive
    description:
      name: shared_preferences_android
      sha256: "8568a389334b6e83415b6aae55378e158fbc2314e074983362d20c562780fb06"
      url: "https://pub.dev"
    source: hosted
    version: "2.2.1"
  shared_preferences_foundation:
    dependency: transitive
    description:
      name: shared_preferences_foundation
      sha256: "7bf53a9f2d007329ee6f3df7268fd498f8373602f943c975598bbb34649b62a7"
      url: "https://pub.dev"
    source: hosted
    version: "2.3.4"
  shared_preferences_linux:
    dependency: transitive
    description:
      name: shared_preferences_linux
      sha256: c2eb5bf57a2fe9ad6988121609e47d3e07bb3bdca5b6f8444e4cf302428a128a
      url: "https://pub.dev"
    source: hosted
    version: "2.3.1"
  shared_preferences_platform_interface:
    dependency: transitive
    description:
      name: shared_preferences_platform_interface
      sha256: d4ec5fc9ebb2f2e056c617112aa75dcf92fc2e4faaf2ae999caa297473f75d8a
      url: "https://pub.dev"
    source: hosted
    version: "2.3.1"
  shared_preferences_web:
    dependency: transitive
    description:
      name: shared_preferences_web
      sha256: d762709c2bbe80626ecc819143013cc820fa49ca5e363620ee20a8b15a3e3daf
      url: "https://pub.dev"
    source: hosted
    version: "2.2.1"
  shared_preferences_windows:
    dependency: transitive
    description:
      name: shared_preferences_windows
      sha256: f763a101313bd3be87edffe0560037500967de9c394a714cd598d945517f694f
      url: "https://pub.dev"
    source: hosted
    version: "2.3.1"
  sign_in_button:
    dependency: transitive
    description:
      name: sign_in_button
      sha256: "977b9b0415d2f3909e642275dfabba7919ba8e111324641b76cae6d1acbd183e"
      url: "https://pub.dev"
    source: hosted
    version: "3.2.0"
  sky_engine:
    dependency: transitive
    description: flutter
    source: sdk
    version: "0.0.99"
  source_span:
    dependency: transitive
    description:
      name: source_span
      sha256: "53e943d4206a5e30df338fd4c6e7a077e02254531b138a15aec3bd143c1a8b3c"
      url: "https://pub.dev"
    source: hosted
    version: "1.10.0"
  splash_screen_view:
    dependency: "direct main"
    description:
      name: splash_screen_view
      sha256: "5453b403a753655173b7ee1405082ca5c40c3bcd8aa44cd00dc6890d2d7cd02a"
      url: "https://pub.dev"
    source: hosted
    version: "2.0.1"
  stack_trace:
    dependency: transitive
    description:
      name: stack_trace
      sha256: c3c7d8edb15bee7f0f74debd4b9c5f3c2ea86766fe4178eb2a18eb30a0bdaed5
      url: "https://pub.dev"
    source: hosted
    version: "1.11.0"
  state_notifier:
    dependency: transitive
    description:
      name: state_notifier
      sha256: "8fe42610f179b843b12371e40db58c9444f8757f8b69d181c97e50787caed289"
      url: "https://pub.dev"
    source: hosted
    version: "0.7.2+1"
  step_progress_indicator:
    dependency: "direct main"
    description:
      name: step_progress_indicator
      sha256: b51bb1fcfc78454359f0658c5a2c21548c3825ebf76e826308e9ca10f383bbb8
      url: "https://pub.dev"
    source: hosted
    version: "1.0.2"
  stream_channel:
    dependency: transitive
    description:
      name: stream_channel
      sha256: "83615bee9045c1d322bbbd1ba209b7a749c2cbcdcb3fdd1df8eb488b3279c1c8"
      url: "https://pub.dev"
    source: hosted
    version: "2.1.1"
  stream_transform:
    dependency: transitive
    description:
      name: stream_transform
      sha256: "14a00e794c7c11aa145a170587321aedce29769c08d7f58b1d141da75e3b1c6f"
      url: "https://pub.dev"
    source: hosted
    version: "2.1.0"
  string_scanner:
    dependency: transitive
    description:
      name: string_scanner
      sha256: "556692adab6cfa87322a115640c11f13cb77b3f076ddcc5d6ae3c20242bedcde"
      url: "https://pub.dev"
    source: hosted
    version: "1.2.0"
  term_glyph:
    dependency: transitive
    description:
      name: term_glyph
      sha256: a29248a84fbb7c79282b40b8c72a1209db169a2e0542bce341da992fe1bc7e84
      url: "https://pub.dev"
    source: hosted
    version: "1.2.1"
  test_api:
    dependency: transitive
    description:
      name: test_api
      sha256: "75760ffd7786fffdfb9597c35c5b27eaeec82be8edfb6d71d32651128ed7aab8"
      url: "https://pub.dev"
    source: hosted
    version: "0.6.0"
  timeline_tile:
    dependency: "direct main"
    description:
      name: timeline_tile
      sha256: "85ec2023c67137397c2812e3e848b2fb20b410b67cd9aff304bb5480c376fc0c"
      url: "https://pub.dev"
    source: hosted
    version: "2.0.0"
  timezone:
    dependency: "direct main"
    description:
      name: timezone
      sha256: "1cfd8ddc2d1cfd836bc93e67b9be88c3adaeca6f40a00ca999104c30693cdca0"
      url: "https://pub.dev"
    source: hosted
    version: "0.9.2"
  typed_data:
    dependency: transitive
    description:
      name: typed_data
      sha256: facc8d6582f16042dd49f2463ff1bd6e2c9ef9f3d5da3d9b087e244a7b564b3c
      url: "https://pub.dev"
    source: hosted
    version: "1.3.2"
  url_launcher:
    dependency: "direct main"
    description:
      name: url_launcher
      sha256: "47e208a6711459d813ba18af120d9663c20bdf6985d6ad39fe165d2538378d27"
      url: "https://pub.dev"
    source: hosted
    version: "6.1.14"
  url_launcher_android:
    dependency: transitive
    description:
      name: url_launcher_android
      sha256: b04af59516ab45762b2ca6da40fa830d72d0f6045cd97744450b73493fa76330
      url: "https://pub.dev"
    source: hosted
    version: "6.1.0"
  url_launcher_ios:
    dependency: transitive
    description:
      name: url_launcher_ios
      sha256: "7c65021d5dee51813d652357bc65b8dd4a6177082a9966bc8ba6ee477baa795f"
      url: "https://pub.dev"
    source: hosted
    version: "6.1.5"
  url_launcher_linux:
    dependency: transitive
    description:
      name: url_launcher_linux
      sha256: b651aad005e0cb06a01dbd84b428a301916dc75f0e7ea6165f80057fee2d8e8e
      url: "https://pub.dev"
    source: hosted
    version: "3.0.6"
  url_launcher_macos:
    dependency: transitive
    description:
      name: url_launcher_macos
      sha256: b55486791f666e62e0e8ff825e58a023fd6b1f71c49926483f1128d3bbd8fe88
      url: "https://pub.dev"
    source: hosted
    version: "3.0.7"
  url_launcher_platform_interface:
    dependency: transitive
    description:
      name: url_launcher_platform_interface
      sha256: "95465b39f83bfe95fcb9d174829d6476216f2d548b79c38ab2506e0458787618"
      url: "https://pub.dev"
    source: hosted
    version: "2.1.5"
  url_launcher_web:
    dependency: transitive
    description:
      name: url_launcher_web
      sha256: "2942294a500b4fa0b918685aff406773ba0a4cd34b7f42198742a94083020ce5"
      url: "https://pub.dev"
    source: hosted
    version: "2.0.20"
  url_launcher_windows:
    dependency: transitive
    description:
      name: url_launcher_windows
      sha256: "95fef3129dc7cfaba2bc3d5ba2e16063bb561fc6d78e63eee16162bc70029069"
      url: "https://pub.dev"
    source: hosted
    version: "3.0.8"
  uuid:
    dependency: transitive
    description:
      name: uuid
      sha256: "648e103079f7c64a36dc7d39369cabb358d377078a051d6ae2ad3aa539519313"
      url: "https://pub.dev"
    source: hosted
    version: "3.0.7"
  vector_graphics:
    dependency: transitive
    description:
      name: vector_graphics
      sha256: "670f6e07aca990b4a2bcdc08a784193c4ccdd1932620244c3a86bb72a0eac67f"
      url: "https://pub.dev"
    source: hosted
    version: "1.1.7"
  vector_graphics_codec:
    dependency: transitive
    description:
      name: vector_graphics_codec
      sha256: "7451721781d967db9933b63f5733b1c4533022c0ba373a01bdd79d1a5457f69f"
      url: "https://pub.dev"
    source: hosted
    version: "1.1.7"
  vector_graphics_compiler:
    dependency: transitive
    description:
      name: vector_graphics_compiler
      sha256: "80a13c613c8bde758b1464a1755a7b3a8f2b6cec61fbf0f5a53c94c30f03ba2e"
      url: "https://pub.dev"
    source: hosted
    version: "1.1.7"
  vector_math:
    dependency: transitive
    description:
      name: vector_math
      sha256: "80b3257d1492ce4d091729e3a67a60407d227c27241d6927be0130c98e741803"
      url: "https://pub.dev"
    source: hosted
    version: "2.1.4"
  visibility_detector:
    dependency: transitive
    description:
      name: visibility_detector
      sha256: "15c54a459ec2c17b4705450483f3d5a2858e733aee893dcee9d75fd04814940d"
      url: "https://pub.dev"
    source: hosted
    version: "0.3.3"
  web:
    dependency: transitive
    description:
      name: web
      sha256: dc8ccd225a2005c1be616fe02951e2e342092edf968cf0844220383757ef8f10
      url: "https://pub.dev"
    source: hosted
    version: "0.1.4-beta"
  webview_flutter:
    dependency: transitive
    description:
      name: webview_flutter
      sha256: "82f6787d5df55907aa01e49bd9644f4ed1cc82af7a8257dd9947815959d2e755"
      url: "https://pub.dev"
    source: hosted
    version: "4.2.4"
  webview_flutter_android:
    dependency: transitive
    description:
      name: webview_flutter_android
      sha256: ddc167c6676f57c8b367d19fcbee267d6dc6adf81bd6c3cb87981d30746e0a6d
      url: "https://pub.dev"
    source: hosted
    version: "3.10.1"
  webview_flutter_platform_interface:
    dependency: transitive
    description:
      name: webview_flutter_platform_interface
      sha256: "6d9213c65f1060116757a7c473247c60f3f7f332cac33dc417c9e362a9a13e4f"
      url: "https://pub.dev"
    source: hosted
    version: "2.6.0"
  webview_flutter_wkwebview:
    dependency: transitive
    description:
      name: webview_flutter_wkwebview
      sha256: "485af05f2c5f83c7f78c20e236b170ad02df7153b299ae9917345be43871d29f"
      url: "https://pub.dev"
    source: hosted
    version: "3.8.0"
  win32:
    dependency: transitive
    description:
      name: win32
      sha256: a6f0236dbda0f63aa9a25ad1ff9a9d8a4eaaa5012da0dc59d21afdb1dc361ca4
      url: "https://pub.dev"
    source: hosted
    version: "3.1.4"
  xdg_directories:
    dependency: transitive
    description:
      name: xdg_directories
      sha256: bd512f03919aac5f1313eb8249f223bacf4927031bf60b02601f81f687689e86
      url: "https://pub.dev"
    source: hosted
    version: "0.2.0+3"
  xml:
    dependency: transitive
    description:
      name: xml
      sha256: "5bc72e1e45e941d825fd7468b9b4cc3b9327942649aeb6fc5cdbf135f0a86e84"
      url: "https://pub.dev"
    source: hosted
    version: "6.3.0"
sdks:
  dart: ">=3.1.0 <4.0.0"
  flutter: ">=3.13.0"
